// !$*UTF8*$!
{
	archiveVersion = 1;
	classes = {
	};
	objectVersion = 51;
	objects = {

/* Begin PBXBuildFile section */
		3A517377E3CBC559C6E91D4E /* Pods_fcm_swift.framework in Frameworks */ = {isa = PBXBuildFile; fileRef = 02932F55B3D3E69B706C917D /* Pods_fcm_swift.framework */; };
		8959127D2356EAA100CC934F /* AppDelegate.swift in Sources */ = {isa = PBXBuildFile; fileRef = 8959127C2356EAA100CC934F /* AppDelegate.swift */; };
		8959127F2356EAA100CC934F /* SceneDelegate.swift in Sources */ = {isa = PBXBuildFile; fileRef = 8959127E2356EAA100CC934F /* SceneDelegate.swift */; };
		895912812356EAA100CC934F /* ContentView.swift in Sources */ = {isa = PBXBuildFile; fileRef = 895912802356EAA100CC934F /* ContentView.swift */; };
		895912832356EAAC00CC934F /* Assets.xcassets in Resources */ = {isa = PBXBuildFile; fileRef = 895912822356EAAC00CC934F /* Assets.xcassets */; };
		895912862356EAAC00CC934F /* Preview Assets.xcassets in Resources */ = {isa = PBXBuildFile; fileRef = 895912852356EAAC00CC934F /* Preview Assets.xcassets */; };
		895912892356EAAC00CC934F /* LaunchScreen.storyboard in Resources */ = {isa = PBXBuildFile; fileRef = 895912872356EAAC00CC934F /* LaunchScreen.storyboard */; };
		895912912356F00100CC934F /* GoogleService-Info.plist in Resources */ = {isa = PBXBuildFile; fileRef = 895912902356F00100CC934F /* GoogleService-Info.plist */; };
/* End PBXBuildFile section */

/* Begin PBXFileReference section */
		02932F55B3D3E69B706C917D /* Pods_fcm_swift.framework */ = {isa = PBXFileReference; explicitFileType = wrapper.framework; includeInIndex = 0; path = Pods_fcm_swift.framework; sourceTree = BUILT_PRODUCTS_DIR; };
		3B65E119E0871C53469631D1 /* Pods-fcm-swift.debug.xcconfig */ = {isa = PBXFileReference; includeInIndex = 1; lastKnownFileType = text.xcconfig; name = "Pods-fcm-swift.debug.xcconfig"; path = "Target Support Files/Pods-fcm-swift/Pods-fcm-swift.debug.xcconfig"; sourceTree = "<group>"; };
		895912792356EAA100CC934F /* fcm-swift.app */ = {isa = PBXFileReference; explicitFileType = wrapper.application; includeInIndex = 0; path = "fcm-swift.app"; sourceTree = BUILT_PRODUCTS_DIR; };
		8959127C2356EAA100CC934F /* AppDelegate.swift */ = {isa = PBXFileReference; lastKnownFileType = sourcecode.swift; path = AppDelegate.swift; sourceTree = "<group>"; };
		8959127E2356EAA100CC934F /* SceneDelegate.swift */ = {isa = PBXFileReference; lastKnownFileType = sourcecode.swift; path = SceneDelegate.swift; sourceTree = "<group>"; };
		895912802356EAA100CC934F /* ContentView.swift */ = {isa = PBXFileReference; lastKnownFileType = sourcecode.swift; path = ContentView.swift; sourceTree = "<group>"; };
		895912822356EAAC00CC934F /* Assets.xcassets */ = {isa = PBXFileReference; lastKnownFileType = folder.assetcatalog; path = Assets.xcassets; sourceTree = "<group>"; };
		895912852356EAAC00CC934F /* Preview Assets.xcassets */ = {isa = PBXFileReference; lastKnownFileType = folder.assetcatalog; path = "Preview Assets.xcassets"; sourceTree = "<group>"; };
		895912882356EAAC00CC934F /* Base */ = {isa = PBXFileReference; lastKnownFileType = file.storyboard; name = Base; path = Base.lproj/LaunchScreen.storyboard; sourceTree = "<group>"; };
		8959128A2356EAAC00CC934F /* Info.plist */ = {isa = PBXFileReference; lastKnownFileType = text.plist.xml; path = Info.plist; sourceTree = "<group>"; };
		895912902356F00100CC934F /* GoogleService-Info.plist */ = {isa = PBXFileReference; fileEncoding = 4; lastKnownFileType = text.plist.xml; path = "GoogleService-Info.plist"; sourceTree = "<group>"; };
		895912922357020100CC934F /* fcm-swift.entitlements */ = {isa = PBXFileReference; lastKnownFileType = text.plist.entitlements; path = "fcm-swift.entitlements"; sourceTree = "<group>"; };
		89591293235707E600CC934F /* FirebaseCore.framework */ = {isa = PBXFileReference; explicitFileType = wrapper.framework; path = FirebaseCore.framework; sourceTree = BUILT_PRODUCTS_DIR; };
		89591294235707E600CC934F /* FirebaseCoreDiagnostics.framework */ = {isa = PBXFileReference; explicitFileType = wrapper.framework; path = FirebaseCoreDiagnostics.framework; sourceTree = BUILT_PRODUCTS_DIR; };
		89591295235707E600CC934F /* FirebaseInstanceID.framework */ = {isa = PBXFileReference; explicitFileType = wrapper.framework; path = FirebaseInstanceID.framework; sourceTree = BUILT_PRODUCTS_DIR; };
		89591296235707E600CC934F /* FirebaseMessaging.framework */ = {isa = PBXFileReference; explicitFileType = wrapper.framework; path = FirebaseMessaging.framework; sourceTree = BUILT_PRODUCTS_DIR; };
		895912A02357130F00CC934F /* PushKit.framework */ = {isa = PBXFileReference; lastKnownFileType = wrapper.framework; name = PushKit.framework; path = System/Library/Frameworks/PushKit.framework; sourceTree = SDKROOT; };
		D916F799C89601B8778117F3 /* Pods-fcm-swift.release.xcconfig */ = {isa = PBXFileReference; includeInIndex = 1; lastKnownFileType = text.xcconfig; name = "Pods-fcm-swift.release.xcconfig"; path = "Target Support Files/Pods-fcm-swift/Pods-fcm-swift.release.xcconfig"; sourceTree = "<group>"; };
/* End PBXFileReference section */

/* Begin PBXFrameworksBuildPhase section */
		895912762356EAA100CC934F /* Frameworks */ = {
			isa = PBXFrameworksBuildPhase;
			buildActionMask = 2147483647;
			files = (
				3A517377E3CBC559C6E91D4E /* Pods_fcm_swift.framework in Frameworks */,
			);
			runOnlyForDeploymentPostprocessing = 0;
		};
/* End PBXFrameworksBuildPhase section */

/* Begin PBXGroup section */
		51D9DD72FA0F935EC4DFCA37 /* Frameworks */ = {
			isa = PBXGroup;
			children = (
				895912A02357130F00CC934F /* PushKit.framework */,
				89591293235707E600CC934F /* FirebaseCore.framework */,
				89591294235707E600CC934F /* FirebaseCoreDiagnostics.framework */,
				89591295235707E600CC934F /* FirebaseInstanceID.framework */,
				89591296235707E600CC934F /* FirebaseMessaging.framework */,
				02932F55B3D3E69B706C917D /* Pods_fcm_swift.framework */,
			);
			name = Frameworks;
			sourceTree = "<group>";
		};
		76D26C74A94D8E8E45F58FFB /* Pods */ = {
			isa = PBXGroup;
			children = (
				3B65E119E0871C53469631D1 /* Pods-fcm-swift.debug.xcconfig */,
				D916F799C89601B8778117F3 /* Pods-fcm-swift.release.xcconfig */,
			);
			path = Pods;
			sourceTree = "<group>";
		};
		895912702356EAA100CC934F = {
			isa = PBXGroup;
			children = (
				8959127B2356EAA100CC934F /* fcm-swift */,
				8959127A2356EAA100CC934F /* Products */,
				76D26C74A94D8E8E45F58FFB /* Pods */,
				51D9DD72FA0F935EC4DFCA37 /* Frameworks */,
			);
			sourceTree = "<group>";
		};
		8959127A2356EAA100CC934F /* Products */ = {
			isa = PBXGroup;
			children = (
				895912792356EAA100CC934F /* fcm-swift.app */,
			);
			name = Products;
			sourceTree = "<group>";
		};
		8959127B2356EAA100CC934F /* fcm-swift */ = {
			isa = PBXGroup;
			children = (
				895912922357020100CC934F /* fcm-swift.entitlements */,
				895912902356F00100CC934F /* GoogleService-Info.plist */,
				8959127C2356EAA100CC934F /* AppDelegate.swift */,
				8959127E2356EAA100CC934F /* SceneDelegate.swift */,
				895912802356EAA100CC934F /* ContentView.swift */,
				895912822356EAAC00CC934F /* Assets.xcassets */,
				895912872356EAAC00CC934F /* LaunchScreen.storyboard */,
				8959128A2356EAAC00CC934F /* Info.plist */,
				895912842356EAAC00CC934F /* Preview Content */,
			);
			path = "fcm-swift";
			sourceTree = "<group>";
		};
		895912842356EAAC00CC934F /* Preview Content */ = {
			isa = PBXGroup;
			children = (
				895912852356EAAC00CC934F /* Preview Assets.xcassets */,
			);
			path = "Preview Content";
			sourceTree = "<group>";
		};
/* End PBXGroup section */

/* Begin PBXNativeTarget section */
		895912782356EAA100CC934F /* fcm-swift */ = {
			isa = PBXNativeTarget;
			buildConfigurationList = 8959128D2356EAAC00CC934F /* Build configuration list for PBXNativeTarget "fcm-swift" */;
			buildPhases = (
				B8243B48F6AF61300DFB83EC /* [CP] Check Pods Manifest.lock */,
				895912752356EAA100CC934F /* Sources */,
				895912762356EAA100CC934F /* Frameworks */,
				895912772356EAA100CC934F /* Resources */,
				6874768899586557E828D543 /* [CP] Embed Pods Frameworks */,
			);
			buildRules = (
			);
			dependencies = (
			);
			name = "fcm-swift";
			productName = "fcm-swift";
			productReference = 895912792356EAA100CC934F /* fcm-swift.app */;
			productType = "com.apple.product-type.application";
		};
/* End PBXNativeTarget section */

/* Begin PBXProject section */
		895912712356EAA100CC934F /* Project object */ = {
			isa = PBXProject;
			attributes = {
				LastSwiftUpdateCheck = 1100;
				LastUpgradeCheck = 1100;
				ORGANIZATIONNAME = garamm;
				TargetAttributes = {
					895912782356EAA100CC934F = {
						CreatedOnToolsVersion = 11.0;
					};
				};
			};
			buildConfigurationList = 895912742356EAA100CC934F /* Build configuration list for PBXProject "fcm-swift" */;
			compatibilityVersion = "Xcode 9.3";
			developmentRegion = en;
			hasScannedForEncodings = 0;
			knownRegions = (
				en,
				Base,
			);
			mainGroup = 895912702356EAA100CC934F;
			productRefGroup = 8959127A2356EAA100CC934F /* Products */;
			projectDirPath = "";
			projectRoot = "";
			targets = (
				895912782356EAA100CC934F /* fcm-swift */,
			);
		};
/* End PBXProject section */

/* Begin PBXResourcesBuildPhase section */
		895912772356EAA100CC934F /* Resources */ = {
			isa = PBXResourcesBuildPhase;
			buildActionMask = 2147483647;
			files = (
				895912892356EAAC00CC934F /* LaunchScreen.storyboard in Resources */,
				895912912356F00100CC934F /* GoogleService-Info.plist in Resources */,
				895912862356EAAC00CC934F /* Preview Assets.xcassets in Resources */,
				895912832356EAAC00CC934F /* Assets.xcassets in Resources */,
			);
			runOnlyForDeploymentPostprocessing = 0;
		};
/* End PBXResourcesBuildPhase section */

/* Begin PBXShellScriptBuildPhase section */
		6874768899586557E828D543 /* [CP] Embed Pods Frameworks */ = {
			isa = PBXShellScriptBuildPhase;
			buildActionMask = 2147483647;
			files = (
			);
			inputFileListPaths = (
				"${PODS_ROOT}/Target Support Files/Pods-fcm-swift/Pods-fcm-swift-frameworks-${CONFIGURATION}-input-files.xcfilelist",
			);
			name = "[CP] Embed Pods Frameworks";
			outputFileListPaths = (
				"${PODS_ROOT}/Target Support Files/Pods-fcm-swift/Pods-fcm-swift-frameworks-${CONFIGURATION}-output-files.xcfilelist",
			);
			runOnlyForDeploymentPostprocessing = 0;
			shellPath = /bin/sh;
			shellScript = "\"${PODS_ROOT}/Target Support Files/Pods-fcm-swift/Pods-fcm-swift-frameworks.sh\"\n";
			showEnvVarsInLog = 0;
		};
		B8243B48F6AF61300DFB83EC /* [CP] Check Pods Manifest.lock */ = {
			isa = PBXShellScriptBuildPhase;
			buildActionMask = 2147483647;
			files = (
			);
			inputFileListPaths = (
			);
			inputPaths = (
				"${PODS_PODFILE_DIR_PATH}/Podfile.lock",
				"${PODS_ROOT}/Manifest.lock",
			);
			name = "[CP] Check Pods Manifest.lock";
			outputFileListPaths = (
			);
			outputPaths = (
				"$(DERIVED_FILE_DIR)/Pods-fcm-swift-checkManifestLockResult.txt",
			);
			runOnlyForDeploymentPostprocessing = 0;
			shellPath = /bin/sh;
			shellScript = "diff \"${PODS_PODFILE_DIR_PATH}/Podfile.lock\" \"${PODS_ROOT}/Manifest.lock\" > /dev/null\nif [ $? != 0 ] ; then\n    # print error to STDERR\n    echo \"error: The sandbox is not in sync with the Podfile.lock. Run 'pod install' or update your CocoaPods installation.\" >&2\n    exit 1\nfi\n# This output is used by Xcode 'outputs' to avoid re-running this script phase.\necho \"SUCCESS\" > \"${SCRIPT_OUTPUT_FILE_0}\"\n";
			showEnvVarsInLog = 0;
		};
/* End PBXShellScriptBuildPhase section */

/* Begin PBXSourcesBuildPhase section */
		895912752356EAA100CC934F /* Sources */ = {
			isa = PBXSourcesBuildPhase;
			buildActionMask = 2147483647;
			files = (
				8959127D2356EAA100CC934F /* AppDelegate.swift in Sources */,
				8959127F2356EAA100CC934F /* SceneDelegate.swift in Sources */,
				895912812356EAA100CC934F /* ContentView.swift in Sources */,
			);
			runOnlyForDeploymentPostprocessing = 0;
		};
/* End PBXSourcesBuildPhase section */

/* Begin PBXVariantGroup section */
		895912872356EAAC00CC934F /* LaunchScreen.storyboard */ = {
			isa = PBXVariantGroup;
			children = (
				895912882356EAAC00CC934F /* Base */,
			);
			name = LaunchScreen.storyboard;
			sourceTree = "<group>";
		};
/* End PBXVariantGroup section */

/* Begin XCBuildConfiguration section */
		8959128B2356EAAC00CC934F /* Debug */ = {
			isa = XCBuildConfiguration;
			buildSettings = {
				ALWAYS_SEARCH_USER_PATHS = NO;
				CLANG_ANALYZER_NONNULL = YES;
				CLANG_ANALYZER_NUMBER_OBJECT_CONVERSION = YES_AGGRESSIVE;
				CLANG_CXX_LANGUAGE_STANDARD = "gnu++14";
				CLANG_CXX_LIBRARY = "libc++";
				CLANG_ENABLE_MODULES = YES;
				CLANG_ENABLE_OBJC_ARC = YES;
				CLANG_ENABLE_OBJC_WEAK = YES;
				CLANG_WARN_BLOCK_CAPTURE_AUTORELEASING = YES;
				CLANG_WARN_BOOL_CONVERSION = YES;
				CLANG_WARN_COMMA = YES;
				CLANG_WARN_CONSTANT_CONVERSION = YES;
				CLANG_WARN_DEPRECATED_OBJC_IMPLEMENTATIONS = YES;
				CLANG_WARN_DIRECT_OBJC_ISA_USAGE = YES_ERROR;
				CLANG_WARN_DOCUMENTATION_COMMENTS = YES;
				CLANG_WARN_EMPTY_BODY = YES;
				CLANG_WARN_ENUM_CONVERSION = YES;
				CLANG_WARN_INFINITE_RECURSION = YES;
				CLANG_WARN_INT_CONVERSION = YES;
				CLANG_WARN_NON_LITERAL_NULL_CONVERSION = YES;
				CLANG_WARN_OBJC_IMPLICIT_RETAIN_SELF = YES;
				CLANG_WARN_OBJC_LITERAL_CONVERSION = YES;
				CLANG_WARN_OBJC_ROOT_CLASS = YES_ERROR;
				CLANG_WARN_RANGE_LOOP_ANALYSIS = YES;
				CLANG_WARN_STRICT_PROTOTYPES = YES;
				CLANG_WARN_SUSPICIOUS_MOVE = YES;
				CLANG_WARN_UNGUARDED_AVAILABILITY = YES_AGGRESSIVE;
				CLANG_WARN_UNREACHABLE_CODE = YES;
				CLANG_WARN__DUPLICATE_METHOD_MATCH = YES;
				COPY_PHASE_STRIP = NO;
				DEBUG_INFORMATION_FORMAT = dwarf;
				ENABLE_STRICT_OBJC_MSGSEND = YES;
				ENABLE_TESTABILITY = YES;
				GCC_C_LANGUAGE_STANDARD = gnu11;
				GCC_DYNAMIC_NO_PIC = NO;
				GCC_NO_COMMON_BLOCKS = YES;
				GCC_OPTIMIZATION_LEVEL = 0;
				GCC_PREPROCESSOR_DEFINITIONS = (
					"DEBUG=1",
					"$(inherited)",
				);
				GCC_WARN_64_TO_32_BIT_CONVERSION = YES;
				GCC_WARN_ABOUT_RETURN_TYPE = YES_ERROR;
				GCC_WARN_UNDECLARED_SELECTOR = YES;
				GCC_WARN_UNINITIALIZED_AUTOS = YES_AGGRESSIVE;
				GCC_WARN_UNUSED_FUNCTION = YES;
				GCC_WARN_UNUSED_VARIABLE = YES;
				IPHONEOS_DEPLOYMENT_TARGET = 13.0;
				MTL_ENABLE_DEBUG_INFO = INCLUDE_SOURCE;
				MTL_FAST_MATH = YES;
				ONLY_ACTIVE_ARCH = YES;
				SDKROOT = iphoneos;
				SWIFT_ACTIVE_COMPILATION_CONDITIONS = DEBUG;
				SWIFT_OPTIMIZATION_LEVEL = "-Onone";
			};
			name = Debug;
		};
		8959128C2356EAAC00CC934F /* Release */ = {
			isa = XCBuildConfiguration;
			buildSettings = {
				ALWAYS_SEARCH_USER_PATHS = NO;
				CLANG_ANALYZER_NONNULL = YES;
				CLANG_ANALYZER_NUMBER_OBJECT_CONVERSION = YES_AGGRESSIVE;
				CLANG_CXX_LANGUAGE_STANDARD = "gnu++14";
				CLANG_CXX_LIBRARY = "libc++";
				CLANG_ENABLE_MODULES = YES;
				CLANG_ENABLE_OBJC_ARC = YES;
				CLANG_ENABLE_OBJC_WEAK = YES;
				CLANG_WARN_BLOCK_CAPTURE_AUTORELEASING = YES;
				CLANG_WARN_BOOL_CONVERSION = YES;
				CLANG_WARN_COMMA = YES;
				CLANG_WARN_CONSTANT_CONVERSION = YES;
				CLANG_WARN_DEPRECATED_OBJC_IMPLEMENTATIONS = YES;
				CLANG_WARN_DIRECT_OBJC_ISA_USAGE = YES_ERROR;
				CLANG_WARN_DOCUMENTATION_COMMENTS = YES;
				CLANG_WARN_EMPTY_BODY = YES;
				CLANG_WARN_ENUM_CONVERSION = YES;
				CLANG_WARN_INFINITE_RECURSION = YES;
				CLANG_WARN_INT_CONVERSION = YES;
				CLANG_WARN_NON_LITERAL_NULL_CONVERSION = YES;
				CLANG_WARN_OBJC_IMPLICIT_RETAIN_SELF = YES;
				CLANG_WARN_OBJC_LITERAL_CONVERSION = YES;
				CLANG_WARN_OBJC_ROOT_CLASS = YES_ERROR;
				CLANG_WARN_RANGE_LOOP_ANALYSIS = YES;
				CLANG_WARN_STRICT_PROTOTYPES = YES;
				CLANG_WARN_SUSPICIOUS_MOVE = YES;
				CLANG_WARN_UNGUARDED_AVAILABILITY = YES_AGGRESSIVE;
				CLANG_WARN_UNREACHABLE_CODE = YES;
				CLANG_WARN__DUPLICATE_METHOD_MATCH = YES;
				COPY_PHASE_STRIP = NO;
				DEBUG_INFORMATION_FORMAT = "dwarf-with-dsym";
				ENABLE_NS_ASSERTIONS = NO;
				ENABLE_STRICT_OBJC_MSGSEND = YES;
				GCC_C_LANGUAGE_STANDARD = gnu11;
				GCC_NO_COMMON_BLOCKS = YES;
				GCC_WARN_64_TO_32_BIT_CONVERSION = YES;
				GCC_WARN_ABOUT_RETURN_TYPE = YES_ERROR;
				GCC_WARN_UNDECLARED_SELECTOR = YES;
				GCC_WARN_UNINITIALIZED_AUTOS = YES_AGGRESSIVE;
				GCC_WARN_UNUSED_FUNCTION = YES;
				GCC_WARN_UNUSED_VARIABLE = YES;
				IPHONEOS_DEPLOYMENT_TARGET = 13.0;
				MTL_ENABLE_DEBUG_INFO = NO;
				MTL_FAST_MATH = YES;
				SDKROOT = iphoneos;
				SWIFT_COMPILATION_MODE = wholemodule;
				SWIFT_OPTIMIZATION_LEVEL = "-O";
				VALIDATE_PRODUCT = YES;
			};
			name = Release;
		};
		8959128E2356EAAC00CC934F /* Debug */ = {
			isa = XCBuildConfiguration;
			baseConfigurationReference = 3B65E119E0871C53469631D1 /* Pods-fcm-swift.debug.xcconfig */;
			buildSettings = {
				ASSETCATALOG_COMPILER_APPICON_NAME = AppIcon;
				CODE_SIGN_ENTITLEMENTS = "fcm-swift/fcm-swift.entitlements";
				CODE_SIGN_STYLE = Automatic;
				DEVELOPMENT_ASSET_PATHS = "\"fcm-swift/Preview Content\"";
				DEVELOPMENT_TEAM = 68YFA4GQT6;
				ENABLE_PREVIEWS = YES;
				INFOPLIST_FILE = "fcm-swift/Info.plist";
				LD_RUNPATH_SEARCH_PATHS = (
					"$(inherited)",
					"@executable_path/Frameworks",
				);
				PRODUCT_BUNDLE_IDENTIFIER = "com.garamm.fcm-swift";
				PRODUCT_NAME = "$(TARGET_NAME)";
				SWIFT_VERSION = 5.0;
				TARGETED_DEVICE_FAMILY = "1,2";
			};
			name = Debug;
		};
		8959128F2356EAAC00CC934F /* Release */ = {
			isa = XCBuildConfiguration;
			baseConfigurationReference = D916F799C89601B8778117F3 /* Pods-fcm-swift.release.xcconfig */;
			buildSettings = {
				ASSETCATALOG_COMPILER_APPICON_NAME = AppIcon;
				CODE_SIGN_ENTITLEMENTS = "fcm-swift/fcm-swift.entitlements";
				CODE_SIGN_STYLE = Automatic;
				DEVELOPMENT_ASSET_PATHS = "\"fcm-swift/Preview Content\"";
				DEVELOPMENT_TEAM = 68YFA4GQT6;
				ENABLE_PREVIEWS = YES;
				INFOPLIST_FILE = "fcm-swift/Info.plist";
				LD_RUNPATH_SEARCH_PATHS = (
					"$(inherited)",
					"@executable_path/Frameworks",
				);
				PRODUCT_BUNDLE_IDENTIFIER = "com.garamm.fcm-swift";
				PRODUCT_NAME = "$(TARGET_NAME)";
				SWIFT_VERSION = 5.0;
				TARGETED_DEVICE_FAMILY = "1,2";
			};
			name = Release;
		};
/* End XCBuildConfiguration section */

/* Begin XCConfigurationList section */
		895912742356EAA100CC934F /* Build configuration list for PBXProject "fcm-swift" */ = {
			isa = XCConfigurationList;
			buildConfigurations = (
				8959128B2356EAAC00CC934F /* Debug */,
				8959128C2356EAAC00CC934F /* Release */,
			);
			defaultConfigurationIsVisible = 0;
			defaultConfigurationName = Release;
		};
		8959128D2356EAAC00CC934F /* Build configuration list for PBXNativeTarget "fcm-swift" */ = {
			isa = XCConfigurationList;
			buildConfigurations = (
				8959128E2356EAAC00CC934F /* Debug */,
				8959128F2356EAAC00CC934F /* Release */,
			);
			defaultConfigurationIsVisible = 0;
			defaultConfigurationName = Release;
		};
/* End XCConfigurationList section */
	};
	rootObject = 895912712356EAA100CC934F /* Project object */;
}
